
Microsoft Visual Studio Solution File, Format Version 12.00
# Visual Studio Version 17
VisualStudioVersion = 17.4.33110.190
MinimumVisualStudioVersion = 10.0.40219.1
Project("{9A19103F-16F7-4668-BE54-9A1E7A4F7556}") = "producer", "producer\producer.csproj", "{57ED5734-2FD2-47A2-A855-3E2C0DFD5CC9}"
EndProject
Project("{FAE04EC0-301F-11D3-BF4B-00C04F79EFBC}") = "consumer", "..\consumer\consumer.csproj", "{579717CF-4D47-4771-AD09-DF1E2CF070C1}"
EndProject
Global
	GlobalSection(SolutionConfigurationPlatforms) = preSolution
		Debug|Any CPU = Debug|Any CPU
		Release|Any CPU = Release|Any CPU
	EndGlobalSection
	GlobalSection(ProjectConfigurationPlatforms) = postSolution
		{57ED5734-2FD2-47A2-A855-3E2C0DFD5CC9}.Debug|Any CPU.ActiveCfg = Debug|Any CPU
		{57ED5734-2FD2-47A2-A855-3E2C0DFD5CC9}.Debug|Any CPU.Build.0 = Debug|Any CPU
		{57ED5734-2FD2-47A2-A855-3E2C0DFD5CC9}.Release|Any CPU.ActiveCfg = Release|Any CPU
		{57ED5734-2FD2-47A2-A855-3E2C0DFD5CC9}.Release|Any CPU.Build.0 = Release|Any CPU
		{579717CF-4D47-4771-AD09-DF1E2CF070C1}.Debug|Any CPU.ActiveCfg = Debug|Any CPU
		{579717CF-4D47-4771-AD09-DF1E2CF070C1}.Debug|Any CPU.Build.0 = Debug|Any CPU
		{579717CF-4D47-4771-AD09-DF1E2CF070C1}.Release|Any CPU.ActiveCfg = Release|Any CPU
		{579717CF-4D47-4771-AD09-DF1E2CF070C1}.Release|Any CPU.Build.0 = Release|Any CPU
	EndGlobalSection
	GlobalSection(SolutionProperties) = preSolution
		HideSolutionNode = FALSE
	EndGlobalSection
	GlobalSection(ExtensibilityGlobals) = postSolution
		SolutionGuid = {CC5E8729-15F7-45C8-954F-61397E545000}
	EndGlobalSection
EndGlobal
